
Microsoft Visual Studio Solution File, Format Version 12.00
# Visual Studio Version 16
VisualStudioVersion = 16.0.31613.86
MinimumVisualStudioVersion = 10.0.40219.1
Project("{FAE04EC0-301F-11D3-BF4B-00C04F79EFBC}") = "Ejercicio 3", "Ejercicio 3\Ejercicio 3.csproj", "{AA5849B1-565A-41B6-A326-B0C47ABDA19C}"
EndProject
Global
	GlobalSection(SolutionConfigurationPlatforms) = preSolution
		Debug|Any CPU = Debug|Any CPU
		Release|Any CPU = Release|Any CPU
	EndGlobalSection
	GlobalSection(ProjectConfigurationPlatforms) = postSolution
		{AA5849B1-565A-41B6-A326-B0C47ABDA19C}.Debug|Any CPU.ActiveCfg = Debug|Any CPU
		{AA5849B1-565A-41B6-A326-B0C47ABDA19C}.Debug|Any CPU.Build.0 = Debug|Any CPU
		{AA5849B1-565A-41B6-A326-B0C47ABDA19C}.Release|Any CPU.ActiveCfg = Release|Any CPU
		{AA5849B1-565A-41B6-A326-B0C47ABDA19C}.Release|Any CPU.Build.0 = Release|Any CPU
	EndGlobalSection
	GlobalSection(SolutionProperties) = preSolution
		HideSolutionNode = FALSE
	EndGlobalSection
	GlobalSection(ExtensibilityGlobals) = postSolution
		SolutionGuid = {B0D1CB59-B37D-45DF-9CC5-995213BFF4FE}
	EndGlobalSection
EndGlobal
